
Microsoft Visual Studio Solution File, Format Version 12.00
# Visual Studio Version 16
VisualStudioVersion = 16.0.29911.84
MinimumVisualStudioVersion = 10.0.40219.1
Project("{FAE04EC0-301F-11D3-BF4B-00C04F79EFBC}") = "QrCodeGenerator", "QrCodeGenerator.csproj", "{1FEDC9EB-0881-49B1-A5E1-FF62CED33614}"
EndProject
Global
	GlobalSection(SolutionConfigurationPlatforms) = preSolution
		Debug|Any CPU = Debug|Any CPU
		Release|Any CPU = Release|Any CPU
	EndGlobalSection
	GlobalSection(ProjectConfigurationPlatforms) = postSolution
		{1FEDC9EB-0881-49B1-A5E1-FF62CED33614}.Debug|Any CPU.ActiveCfg = Debug|Any CPU
		{1FEDC9EB-0881-49B1-A5E1-FF62CED33614}.Debug|Any CPU.Build.0 = Debug|Any CPU
		{1FEDC9EB-0881-49B1-A5E1-FF62CED33614}.Release|Any CPU.ActiveCfg = Release|Any CPU
		{1FEDC9EB-0881-49B1-A5E1-FF62CED33614}.Release|Any CPU.Build.0 = Release|Any CPU
	EndGlobalSection
	GlobalSection(SolutionProperties) = preSolution
		HideSolutionNode = FALSE
	EndGlobalSection
	GlobalSection(ExtensibilityGlobals) = postSolution
		SolutionGuid = {C65FDD33-29F6-40A8-80FB-0FE97711625A}
	EndGlobalSection
EndGlobal
